// !$*UTF8*$!
{
	archiveVersion = 1;
	classes = {
	};
	objectVersion = 50;
	objects = {

/* Begin PBXBuildFile section */
		4094E75F0E7EB7AB6B2F2E5A /* Pods_BlockOne.framework in Frameworks */ = {isa = PBXBuildFile; fileRef = 564756E44007F09C74A73415 /* Pods_BlockOne.framework */; };
		69457F2D23165F12009C8F27 /* AppDelegate.swift in Sources */ = {isa = PBXBuildFile; fileRef = 69457F2C23165F12009C8F27 /* AppDelegate.swift */; };
		69457F3223165F12009C8F27 /* Main.storyboard in Resources */ = {isa = PBXBuildFile; fileRef = 69457F3023165F12009C8F27 /* Main.storyboard */; };
		69457F3423165F14009C8F27 /* Assets.xcassets in Resources */ = {isa = PBXBuildFile; fileRef = 69457F3323165F14009C8F27 /* Assets.xcassets */; };
		69457F3723165F14009C8F27 /* LaunchScreen.storyboard in Resources */ = {isa = PBXBuildFile; fileRef = 69457F3523165F14009C8F27 /* LaunchScreen.storyboard */; };
		69457F4D23165F14009C8F27 /* BlockOneUITests.swift in Sources */ = {isa = PBXBuildFile; fileRef = 69457F4C23165F14009C8F27 /* BlockOneUITests.swift */; };
		69457F5C23165FD1009C8F27 /* APIClientProtocol.swift in Sources */ = {isa = PBXBuildFile; fileRef = 69457F5B23165FD1009C8F27 /* APIClientProtocol.swift */; };
		69457F5E2316600C009C8F27 /* BlockchainInfoProtocol.swift in Sources */ = {isa = PBXBuildFile; fileRef = 69457F5D2316600C009C8F27 /* BlockchainInfoProtocol.swift */; };
		69457F6023166015009C8F27 /* BlockProtocol.swift in Sources */ = {isa = PBXBuildFile; fileRef = 69457F5F23166015009C8F27 /* BlockProtocol.swift */; };
		69457F62231660D6009C8F27 /* APIClient.swift in Sources */ = {isa = PBXBuildFile; fileRef = 69457F61231660D6009C8F27 /* APIClient.swift */; };
		69457F6423166138009C8F27 /* APIClientTest.swift in Sources */ = {isa = PBXBuildFile; fileRef = 69457F6323166138009C8F27 /* APIClientTest.swift */; };
		69457F6723166219009C8F27 /* Block.swift in Sources */ = {isa = PBXBuildFile; fileRef = 69457F6623166219009C8F27 /* Block.swift */; };
		69457F6923166240009C8F27 /* BlockchainInfo.swift in Sources */ = {isa = PBXBuildFile; fileRef = 69457F6823166240009C8F27 /* BlockchainInfo.swift */; };
		69457F6C23166959009C8F27 /* BlocksProvider.swift in Sources */ = {isa = PBXBuildFile; fileRef = 69457F6B23166959009C8F27 /* BlocksProvider.swift */; };
		69457F7523166A40009C8F27 /* BlocksProviderProtocol.swift in Sources */ = {isa = PBXBuildFile; fileRef = 69457F7423166A40009C8F27 /* BlocksProviderProtocol.swift */; };
		69457F7723166AAE009C8F27 /* BlocksProviderTest.swift in Sources */ = {isa = PBXBuildFile; fileRef = 69457F7623166AAE009C8F27 /* BlocksProviderTest.swift */; };
		69457F7923166BF1009C8F27 /* MockAPIClient.swift in Sources */ = {isa = PBXBuildFile; fileRef = 69457F7823166BF1009C8F27 /* MockAPIClient.swift */; };
		69457F7C23166E76009C8F27 /* AsynchronousOperation.swift in Sources */ = {isa = PBXBuildFile; fileRef = 69457F7B23166E76009C8F27 /* AsynchronousOperation.swift */; };
		69457F7E23166F68009C8F27 /* FetchBlockOperation.swift in Sources */ = {isa = PBXBuildFile; fileRef = 69457F7D23166F68009C8F27 /* FetchBlockOperation.swift */; };
		69457F8023166FCC009C8F27 /* FetchBlockchainInfoOperation.swift in Sources */ = {isa = PBXBuildFile; fileRef = 69457F7F23166FCC009C8F27 /* FetchBlockchainInfoOperation.swift */; };
		69457F84231673EA009C8F27 /* BlocksListViewController.swift in Sources */ = {isa = PBXBuildFile; fileRef = 69457F83231673EA009C8F27 /* BlocksListViewController.swift */; };
		69457F8723167401009C8F27 /* BlockDetailViewController.swift in Sources */ = {isa = PBXBuildFile; fileRef = 69457F8623167401009C8F27 /* BlockDetailViewController.swift */; };
		69457F8923167696009C8F27 /* BlocksListViewModel.swift in Sources */ = {isa = PBXBuildFile; fileRef = 69457F8823167696009C8F27 /* BlocksListViewModel.swift */; };
		69457F8B231676A2009C8F27 /* BlockDetailViewModel.swift in Sources */ = {isa = PBXBuildFile; fileRef = 69457F8A231676A2009C8F27 /* BlockDetailViewModel.swift */; };
		69457F8D23167946009C8F27 /* BlockCell.swift in Sources */ = {isa = PBXBuildFile; fileRef = 69457F8C23167946009C8F27 /* BlockCell.swift */; };
		69457F8F23167958009C8F27 /* BlockCellViewModel.swift in Sources */ = {isa = PBXBuildFile; fileRef = 69457F8E23167958009C8F27 /* BlockCellViewModel.swift */; };
		69457F9123167FCF009C8F27 /* BlockCellViewModelTest.swift in Sources */ = {isa = PBXBuildFile; fileRef = 69457F9023167FCF009C8F27 /* BlockCellViewModelTest.swift */; };
		69457F9323168337009C8F27 /* BlocksListViewModelTest.swift in Sources */ = {isa = PBXBuildFile; fileRef = 69457F9223168337009C8F27 /* BlocksListViewModelTest.swift */; };
		69457F9523169E20009C8F27 /* BlockDetailViewModelTest.swift in Sources */ = {isa = PBXBuildFile; fileRef = 69457F9423169E20009C8F27 /* BlockDetailViewModelTest.swift */; };
		69457F972316A50E009C8F27 /* JSONRepresentable.swift in Sources */ = {isa = PBXBuildFile; fileRef = 69457F962316A50E009C8F27 /* JSONRepresentable.swift */; };
		7CBD578B6A20AFAFFC6CBA44 /* Pods_BlockOneTests.framework in Frameworks */ = {isa = PBXBuildFile; fileRef = 972001654A587B07F925815C /* Pods_BlockOneTests.framework */; };
		9F15AFC09D7D6CFC9E93B82C /* Pods_BlockOneUITests.framework in Frameworks */ = {isa = PBXBuildFile; fileRef = 90ED1E1C03080611D7F24133 /* Pods_BlockOneUITests.framework */; };
/* End PBXBuildFile section */

/* Begin PBXContainerItemProxy section */
		69457F3E23165F14009C8F27 /* PBXContainerItemProxy */ = {
			isa = PBXContainerItemProxy;
			containerPortal = 69457F2123165F12009C8F27 /* Project object */;
			proxyType = 1;
			remoteGlobalIDString = 69457F2823165F12009C8F27;
			remoteInfo = BlockOne;
		};
		69457F4923165F14009C8F27 /* PBXContainerItemProxy */ = {
			isa = PBXContainerItemProxy;
			containerPortal = 69457F2123165F12009C8F27 /* Project object */;
			proxyType = 1;
			remoteGlobalIDString = 69457F2823165F12009C8F27;
			remoteInfo = BlockOne;
		};
/* End PBXContainerItemProxy section */

/* Begin PBXFileReference section */
		4F7BCDC2CCB550CA2258EF6E /* Pods-BlockOneTests.release.xcconfig */ = {isa = PBXFileReference; includeInIndex = 1; lastKnownFileType = text.xcconfig; name = "Pods-BlockOneTests.release.xcconfig"; path = "Target Support Files/Pods-BlockOneTests/Pods-BlockOneTests.release.xcconfig"; sourceTree = "<group>"; };
		55AF0317AA9354E86A2CFD54 /* Pods-BlockOne.release.xcconfig */ = {isa = PBXFileReference; includeInIndex = 1; lastKnownFileType = text.xcconfig; name = "Pods-BlockOne.release.xcconfig"; path = "Target Support Files/Pods-BlockOne/Pods-BlockOne.release.xcconfig"; sourceTree = "<group>"; };
		564756E44007F09C74A73415 /* Pods_BlockOne.framework */ = {isa = PBXFileReference; explicitFileType = wrapper.framework; includeInIndex = 0; path = Pods_BlockOne.framework; sourceTree = BUILT_PRODUCTS_DIR; };
		5DB0BDD7A8F88871F9B62172 /* Pods-BlockOneUITests.release.xcconfig */ = {isa = PBXFileReference; includeInIndex = 1; lastKnownFileType = text.xcconfig; name = "Pods-BlockOneUITests.release.xcconfig"; path = "Target Support Files/Pods-BlockOneUITests/Pods-BlockOneUITests.release.xcconfig"; sourceTree = "<group>"; };
		69457F2923165F12009C8F27 /* BlockOne.app */ = {isa = PBXFileReference; explicitFileType = wrapper.application; includeInIndex = 0; path = BlockOne.app; sourceTree = BUILT_PRODUCTS_DIR; };
		69457F2C23165F12009C8F27 /* AppDelegate.swift */ = {isa = PBXFileReference; lastKnownFileType = sourcecode.swift; path = AppDelegate.swift; sourceTree = "<group>"; };
		69457F3123165F12009C8F27 /* Base */ = {isa = PBXFileReference; lastKnownFileType = file.storyboard; name = Base; path = Base.lproj/Main.storyboard; sourceTree = "<group>"; };
		69457F3323165F14009C8F27 /* Assets.xcassets */ = {isa = PBXFileReference; lastKnownFileType = folder.assetcatalog; path = Assets.xcassets; sourceTree = "<group>"; };
		69457F3623165F14009C8F27 /* Base */ = {isa = PBXFileReference; lastKnownFileType = file.storyboard; name = Base; path = Base.lproj/LaunchScreen.storyboard; sourceTree = "<group>"; };
		69457F3823165F14009C8F27 /* Info.plist */ = {isa = PBXFileReference; lastKnownFileType = text.plist.xml; path = Info.plist; sourceTree = "<group>"; };
		69457F3D23165F14009C8F27 /* BlockOneTests.xctest */ = {isa = PBXFileReference; explicitFileType = wrapper.cfbundle; includeInIndex = 0; path = BlockOneTests.xctest; sourceTree = BUILT_PRODUCTS_DIR; };
		69457F4323165F14009C8F27 /* Info.plist */ = {isa = PBXFileReference; lastKnownFileType = text.plist.xml; path = Info.plist; sourceTree = "<group>"; };
		69457F4823165F14009C8F27 /* BlockOneUITests.xctest */ = {isa = PBXFileReference; explicitFileType = wrapper.cfbundle; includeInIndex = 0; path = BlockOneUITests.xctest; sourceTree = BUILT_PRODUCTS_DIR; };
		69457F4C23165F14009C8F27 /* BlockOneUITests.swift */ = {isa = PBXFileReference; lastKnownFileType = sourcecode.swift; path = BlockOneUITests.swift; sourceTree = "<group>"; };
		69457F4E23165F14009C8F27 /* Info.plist */ = {isa = PBXFileReference; lastKnownFileType = text.plist.xml; path = Info.plist; sourceTree = "<group>"; };
		69457F5B23165FD1009C8F27 /* APIClientProtocol.swift */ = {isa = PBXFileReference; lastKnownFileType = sourcecode.swift; path = APIClientProtocol.swift; sourceTree = "<group>"; };
		69457F5D2316600C009C8F27 /* BlockchainInfoProtocol.swift */ = {isa = PBXFileReference; lastKnownFileType = sourcecode.swift; path = BlockchainInfoProtocol.swift; sourceTree = "<group>"; };
		69457F5F23166015009C8F27 /* BlockProtocol.swift */ = {isa = PBXFileReference; lastKnownFileType = sourcecode.swift; path = BlockProtocol.swift; sourceTree = "<group>"; };
		69457F61231660D6009C8F27 /* APIClient.swift */ = {isa = PBXFileReference; lastKnownFileType = sourcecode.swift; path = APIClient.swift; sourceTree = "<group>"; };
		69457F6323166138009C8F27 /* APIClientTest.swift */ = {isa = PBXFileReference; lastKnownFileType = sourcecode.swift; path = APIClientTest.swift; sourceTree = "<group>"; };
		69457F6623166219009C8F27 /* Block.swift */ = {isa = PBXFileReference; lastKnownFileType = sourcecode.swift; path = Block.swift; sourceTree = "<group>"; };
		69457F6823166240009C8F27 /* BlockchainInfo.swift */ = {isa = PBXFileReference; lastKnownFileType = sourcecode.swift; path = BlockchainInfo.swift; sourceTree = "<group>"; };
		69457F6B23166959009C8F27 /* BlocksProvider.swift */ = {isa = PBXFileReference; lastKnownFileType = sourcecode.swift; path = BlocksProvider.swift; sourceTree = "<group>"; };
		69457F7423166A40009C8F27 /* BlocksProviderProtocol.swift */ = {isa = PBXFileReference; lastKnownFileType = sourcecode.swift; path = BlocksProviderProtocol.swift; sourceTree = "<group>"; };
		69457F7623166AAE009C8F27 /* BlocksProviderTest.swift */ = {isa = PBXFileReference; lastKnownFileType = sourcecode.swift; path = BlocksProviderTest.swift; sourceTree = "<group>"; };
		69457F7823166BF1009C8F27 /* MockAPIClient.swift */ = {isa = PBXFileReference; lastKnownFileType = sourcecode.swift; path = MockAPIClient.swift; sourceTree = "<group>"; };
		69457F7B23166E76009C8F27 /* AsynchronousOperation.swift */ = {isa = PBXFileReference; lastKnownFileType = sourcecode.swift; path = AsynchronousOperation.swift; sourceTree = "<group>"; };
		69457F7D23166F68009C8F27 /* FetchBlockOperation.swift */ = {isa = PBXFileReference; lastKnownFileType = sourcecode.swift; path = FetchBlockOperation.swift; sourceTree = "<group>"; };
		69457F7F23166FCC009C8F27 /* FetchBlockchainInfoOperation.swift */ = {isa = PBXFileReference; lastKnownFileType = sourcecode.swift; path = FetchBlockchainInfoOperation.swift; sourceTree = "<group>"; };
		69457F83231673EA009C8F27 /* BlocksListViewController.swift */ = {isa = PBXFileReference; lastKnownFileType = sourcecode.swift; path = BlocksListViewController.swift; sourceTree = "<group>"; };
		69457F8623167401009C8F27 /* BlockDetailViewController.swift */ = {isa = PBXFileReference; lastKnownFileType = sourcecode.swift; path = BlockDetailViewController.swift; sourceTree = "<group>"; };
		69457F8823167696009C8F27 /* BlocksListViewModel.swift */ = {isa = PBXFileReference; lastKnownFileType = sourcecode.swift; path = BlocksListViewModel.swift; sourceTree = "<group>"; };
		69457F8A231676A2009C8F27 /* BlockDetailViewModel.swift */ = {isa = PBXFileReference; lastKnownFileType = sourcecode.swift; path = BlockDetailViewModel.swift; sourceTree = "<group>"; };
		69457F8C23167946009C8F27 /* BlockCell.swift */ = {isa = PBXFileReference; lastKnownFileType = sourcecode.swift; path = BlockCell.swift; sourceTree = "<group>"; };
		69457F8E23167958009C8F27 /* BlockCellViewModel.swift */ = {isa = PBXFileReference; lastKnownFileType = sourcecode.swift; path = BlockCellViewModel.swift; sourceTree = "<group>"; };
		69457F9023167FCF009C8F27 /* BlockCellViewModelTest.swift */ = {isa = PBXFileReference; lastKnownFileType = sourcecode.swift; path = BlockCellViewModelTest.swift; sourceTree = "<group>"; };
		69457F9223168337009C8F27 /* BlocksListViewModelTest.swift */ = {isa = PBXFileReference; lastKnownFileType = sourcecode.swift; path = BlocksListViewModelTest.swift; sourceTree = "<group>"; };
		69457F9423169E20009C8F27 /* BlockDetailViewModelTest.swift */ = {isa = PBXFileReference; lastKnownFileType = sourcecode.swift; path = BlockDetailViewModelTest.swift; sourceTree = "<group>"; };
		69457F962316A50E009C8F27 /* JSONRepresentable.swift */ = {isa = PBXFileReference; lastKnownFileType = sourcecode.swift; path = JSONRepresentable.swift; sourceTree = "<group>"; };
		9010E7E038318EC91F95F027 /* Pods-BlockOne.debug.xcconfig */ = {isa = PBXFileReference; includeInIndex = 1; lastKnownFileType = text.xcconfig; name = "Pods-BlockOne.debug.xcconfig"; path = "Target Support Files/Pods-BlockOne/Pods-BlockOne.debug.xcconfig"; sourceTree = "<group>"; };
		90ED1E1C03080611D7F24133 /* Pods_BlockOneUITests.framework */ = {isa = PBXFileReference; explicitFileType = wrapper.framework; includeInIndex = 0; path = Pods_BlockOneUITests.framework; sourceTree = BUILT_PRODUCTS_DIR; };
		972001654A587B07F925815C /* Pods_BlockOneTests.framework */ = {isa = PBXFileReference; explicitFileType = wrapper.framework; includeInIndex = 0; path = Pods_BlockOneTests.framework; sourceTree = BUILT_PRODUCTS_DIR; };
		BDFEFCEDFC5E689F08A8861D /* Pods-BlockOneUITests.debug.xcconfig */ = {isa = PBXFileReference; includeInIndex = 1; lastKnownFileType = text.xcconfig; name = "Pods-BlockOneUITests.debug.xcconfig"; path = "Target Support Files/Pods-BlockOneUITests/Pods-BlockOneUITests.debug.xcconfig"; sourceTree = "<group>"; };
		CE8F3268C2D74C430380A40E /* Pods-BlockOneTests.debug.xcconfig */ = {isa = PBXFileReference; includeInIndex = 1; lastKnownFileType = text.xcconfig; name = "Pods-BlockOneTests.debug.xcconfig"; path = "Target Support Files/Pods-BlockOneTests/Pods-BlockOneTests.debug.xcconfig"; sourceTree = "<group>"; };
/* End PBXFileReference section */

/* Begin PBXFrameworksBuildPhase section */
		69457F2623165F12009C8F27 /* Frameworks */ = {
			isa = PBXFrameworksBuildPhase;
			buildActionMask = 2147483647;
			files = (
				4094E75F0E7EB7AB6B2F2E5A /* Pods_BlockOne.framework in Frameworks */,
			);
			runOnlyForDeploymentPostprocessing = 0;
		};
		69457F3A23165F14009C8F27 /* Frameworks */ = {
			isa = PBXFrameworksBuildPhase;
			buildActionMask = 2147483647;
			files = (
				7CBD578B6A20AFAFFC6CBA44 /* Pods_BlockOneTests.framework in Frameworks */,
			);
			runOnlyForDeploymentPostprocessing = 0;
		};
		69457F4523165F14009C8F27 /* Frameworks */ = {
			isa = PBXFrameworksBuildPhase;
			buildActionMask = 2147483647;
			files = (
				9F15AFC09D7D6CFC9E93B82C /* Pods_BlockOneUITests.framework in Frameworks */,
			);
			runOnlyForDeploymentPostprocessing = 0;
		};
/* End PBXFrameworksBuildPhase section */

/* Begin PBXGroup section */
		69457F2023165F12009C8F27 = {
			isa = PBXGroup;
			children = (
				69457F2B23165F12009C8F27 /* BlockOne */,
				69457F4023165F14009C8F27 /* BlockOneTests */,
				69457F4B23165F14009C8F27 /* BlockOneUITests */,
				69457F2A23165F12009C8F27 /* Products */,
				8567BBD3E4A891AB145AB4A6 /* Pods */,
				8E280CE8600609A6EA1C005F /* Frameworks */,
			);
			sourceTree = "<group>";
		};
		69457F2A23165F12009C8F27 /* Products */ = {
			isa = PBXGroup;
			children = (
				69457F2923165F12009C8F27 /* BlockOne.app */,
				69457F3D23165F14009C8F27 /* BlockOneTests.xctest */,
				69457F4823165F14009C8F27 /* BlockOneUITests.xctest */,
			);
			name = Products;
			sourceTree = "<group>";
		};
		69457F2B23165F12009C8F27 /* BlockOne */ = {
			isa = PBXGroup;
			children = (
				69457F8123167330009C8F27 /* Scenes */,
				69457F7A23166E63009C8F27 /* Operations */,
				69457F6A2316694A009C8F27 /* Services */,
				69457F65231661FD009C8F27 /* Models */,
				69457F5A23165F7F009C8F27 /* Protocols */,
				69457F2C23165F12009C8F27 /* AppDelegate.swift */,
				69457F3023165F12009C8F27 /* Main.storyboard */,
				69457F3323165F14009C8F27 /* Assets.xcassets */,
				69457F3523165F14009C8F27 /* LaunchScreen.storyboard */,
				69457F3823165F14009C8F27 /* Info.plist */,
			);
			path = BlockOne;
			sourceTree = "<group>";
		};
		69457F4023165F14009C8F27 /* BlockOneTests */ = {
			isa = PBXGroup;
			children = (
				69457F4323165F14009C8F27 /* Info.plist */,
				69457F6323166138009C8F27 /* APIClientTest.swift */,
				69457F7623166AAE009C8F27 /* BlocksProviderTest.swift */,
				69457F7823166BF1009C8F27 /* MockAPIClient.swift */,
				69457F9023167FCF009C8F27 /* BlockCellViewModelTest.swift */,
				69457F9223168337009C8F27 /* BlocksListViewModelTest.swift */,
				69457F9423169E20009C8F27 /* BlockDetailViewModelTest.swift */,
			);
			path = BlockOneTests;
			sourceTree = "<group>";
		};
		69457F4B23165F14009C8F27 /* BlockOneUITests */ = {
			isa = PBXGroup;
			children = (
				69457F4C23165F14009C8F27 /* BlockOneUITests.swift */,
				69457F4E23165F14009C8F27 /* Info.plist */,
			);
			path = BlockOneUITests;
			sourceTree = "<group>";
		};
		69457F5A23165F7F009C8F27 /* Protocols */ = {
			isa = PBXGroup;
			children = (
				69457F5B23165FD1009C8F27 /* APIClientProtocol.swift */,
				69457F5D2316600C009C8F27 /* BlockchainInfoProtocol.swift */,
				69457F5F23166015009C8F27 /* BlockProtocol.swift */,
				69457F7423166A40009C8F27 /* BlocksProviderProtocol.swift */,
				69457F962316A50E009C8F27 /* JSONRepresentable.swift */,
			);
			path = Protocols;
			sourceTree = "<group>";
		};
		69457F65231661FD009C8F27 /* Models */ = {
			isa = PBXGroup;
			children = (
				69457F6623166219009C8F27 /* Block.swift */,
				69457F6823166240009C8F27 /* BlockchainInfo.swift */,
			);
			path = Models;
			sourceTree = "<group>";
		};
		69457F6A2316694A009C8F27 /* Services */ = {
			isa = PBXGroup;
			children = (
				69457F61231660D6009C8F27 /* APIClient.swift */,
				69457F6B23166959009C8F27 /* BlocksProvider.swift */,
			);
			path = Services;
			sourceTree = "<group>";
		};
		69457F7A23166E63009C8F27 /* Operations */ = {
			isa = PBXGroup;
			children = (
				69457F7B23166E76009C8F27 /* AsynchronousOperation.swift */,
				69457F7D23166F68009C8F27 /* FetchBlockOperation.swift */,
				69457F7F23166FCC009C8F27 /* FetchBlockchainInfoOperation.swift */,
			);
			path = Operations;
			sourceTree = "<group>";
		};
		69457F8123167330009C8F27 /* Scenes */ = {
			isa = PBXGroup;
			children = (
				69457F82231673BC009C8F27 /* BlocksList */,
				69457F85231673EF009C8F27 /* BlockDetail */,
			);
			path = Scenes;
			sourceTree = "<group>";
		};
		69457F82231673BC009C8F27 /* BlocksList */ = {
			isa = PBXGroup;
			children = (
				69457F83231673EA009C8F27 /* BlocksListViewController.swift */,
				69457F8823167696009C8F27 /* BlocksListViewModel.swift */,
				69457F8C23167946009C8F27 /* BlockCell.swift */,
				69457F8E23167958009C8F27 /* BlockCellViewModel.swift */,
			);
			path = BlocksList;
			sourceTree = "<group>";
		};
		69457F85231673EF009C8F27 /* BlockDetail */ = {
			isa = PBXGroup;
			children = (
				69457F8623167401009C8F27 /* BlockDetailViewController.swift */,
				69457F8A231676A2009C8F27 /* BlockDetailViewModel.swift */,
			);
			path = BlockDetail;
			sourceTree = "<group>";
		};
		8567BBD3E4A891AB145AB4A6 /* Pods */ = {
			isa = PBXGroup;
			children = (
				9010E7E038318EC91F95F027 /* Pods-BlockOne.debug.xcconfig */,
				55AF0317AA9354E86A2CFD54 /* Pods-BlockOne.release.xcconfig */,
				CE8F3268C2D74C430380A40E /* Pods-BlockOneTests.debug.xcconfig */,
				4F7BCDC2CCB550CA2258EF6E /* Pods-BlockOneTests.release.xcconfig */,
				BDFEFCEDFC5E689F08A8861D /* Pods-BlockOneUITests.debug.xcconfig */,
				5DB0BDD7A8F88871F9B62172 /* Pods-BlockOneUITests.release.xcconfig */,
			);
			name = Pods;
			path = Pods;
			sourceTree = "<group>";
		};
		8E280CE8600609A6EA1C005F /* Frameworks */ = {
			isa = PBXGroup;
			children = (
				564756E44007F09C74A73415 /* Pods_BlockOne.framework */,
				972001654A587B07F925815C /* Pods_BlockOneTests.framework */,
				90ED1E1C03080611D7F24133 /* Pods_BlockOneUITests.framework */,
			);
			name = Frameworks;
			sourceTree = "<group>";
		};
/* End PBXGroup section */

/* Begin PBXNativeTarget section */
		69457F2823165F12009C8F27 /* BlockOne */ = {
			isa = PBXNativeTarget;
			buildConfigurationList = 69457F5123165F14009C8F27 /* Build configuration list for PBXNativeTarget "BlockOne" */;
			buildPhases = (
				C9FBBC1E7772E1F44BD13050 /* [CP] Check Pods Manifest.lock */,
				69457F2523165F12009C8F27 /* Sources */,
				69457F2623165F12009C8F27 /* Frameworks */,
				69457F2723165F12009C8F27 /* Resources */,
				71F1BEE8783BAEF0E21E0601 /* [CP] Embed Pods Frameworks */,
			);
			buildRules = (
			);
			dependencies = (
			);
			name = BlockOne;
			productName = BlockOne;
			productReference = 69457F2923165F12009C8F27 /* BlockOne.app */;
			productType = "com.apple.product-type.application";
		};
		69457F3C23165F14009C8F27 /* BlockOneTests */ = {
			isa = PBXNativeTarget;
			buildConfigurationList = 69457F5423165F14009C8F27 /* Build configuration list for PBXNativeTarget "BlockOneTests" */;
			buildPhases = (
				27F4077AF341543AC35252FA /* [CP] Check Pods Manifest.lock */,
				69457F3923165F14009C8F27 /* Sources */,
				69457F3A23165F14009C8F27 /* Frameworks */,
				69457F3B23165F14009C8F27 /* Resources */,
			);
			buildRules = (
			);
			dependencies = (
				69457F3F23165F14009C8F27 /* PBXTargetDependency */,
			);
			name = BlockOneTests;
			productName = BlockOneTests;
			productReference = 69457F3D23165F14009C8F27 /* BlockOneTests.xctest */;
			productType = "com.apple.product-type.bundle.unit-test";
		};
		69457F4723165F14009C8F27 /* BlockOneUITests */ = {
			isa = PBXNativeTarget;
			buildConfigurationList = 69457F5723165F14009C8F27 /* Build configuration list for PBXNativeTarget "BlockOneUITests" */;
			buildPhases = (
				20B3D4AB7E0A85E0A7BA758A /* [CP] Check Pods Manifest.lock */,
				69457F4423165F14009C8F27 /* Sources */,
				69457F4523165F14009C8F27 /* Frameworks */,
				69457F4623165F14009C8F27 /* Resources */,
			);
			buildRules = (
			);
			dependencies = (
				69457F4A23165F14009C8F27 /* PBXTargetDependency */,
			);
			name = BlockOneUITests;
			productName = BlockOneUITests;
			productReference = 69457F4823165F14009C8F27 /* BlockOneUITests.xctest */;
			productType = "com.apple.product-type.bundle.ui-testing";
		};
/* End PBXNativeTarget section */

/* Begin PBXProject section */
		69457F2123165F12009C8F27 /* Project object */ = {
			isa = PBXProject;
			attributes = {
				LastSwiftUpdateCheck = 1030;
				LastUpgradeCheck = 1030;
				ORGANIZATIONNAME = "Paul Kim";
				TargetAttributes = {
					69457F2823165F12009C8F27 = {
						CreatedOnToolsVersion = 10.3;
					};
					69457F3C23165F14009C8F27 = {
						CreatedOnToolsVersion = 10.3;
						TestTargetID = 69457F2823165F12009C8F27;
					};
					69457F4723165F14009C8F27 = {
						CreatedOnToolsVersion = 10.3;
						TestTargetID = 69457F2823165F12009C8F27;
					};
				};
			};
			buildConfigurationList = 69457F2423165F12009C8F27 /* Build configuration list for PBXProject "BlockOne" */;
			compatibilityVersion = "Xcode 9.3";
			developmentRegion = en;
			hasScannedForEncodings = 0;
			knownRegions = (
				en,
				Base,
			);
			mainGroup = 69457F2023165F12009C8F27;
			productRefGroup = 69457F2A23165F12009C8F27 /* Products */;
			projectDirPath = "";
			projectRoot = "";
			targets = (
				69457F2823165F12009C8F27 /* BlockOne */,
				69457F3C23165F14009C8F27 /* BlockOneTests */,
				69457F4723165F14009C8F27 /* BlockOneUITests */,
			);
		};
/* End PBXProject section */

/* Begin PBXResourcesBuildPhase section */
		69457F2723165F12009C8F27 /* Resources */ = {
			isa = PBXResourcesBuildPhase;
			buildActionMask = 2147483647;
			files = (
				69457F3723165F14009C8F27 /* LaunchScreen.storyboard in Resources */,
				69457F3423165F14009C8F27 /* Assets.xcassets in Resources */,
				69457F3223165F12009C8F27 /* Main.storyboard in Resources */,
			);
			runOnlyForDeploymentPostprocessing = 0;
		};
		69457F3B23165F14009C8F27 /* Resources */ = {
			isa = PBXResourcesBuildPhase;
			buildActionMask = 2147483647;
			files = (
			);
			runOnlyForDeploymentPostprocessing = 0;
		};
		69457F4623165F14009C8F27 /* Resources */ = {
			isa = PBXResourcesBuildPhase;
			buildActionMask = 2147483647;
			files = (
			);
			runOnlyForDeploymentPostprocessing = 0;
		};
/* End PBXResourcesBuildPhase section */

/* Begin PBXShellScriptBuildPhase section */
		20B3D4AB7E0A85E0A7BA758A /* [CP] Check Pods Manifest.lock */ = {
			isa = PBXShellScriptBuildPhase;
			buildActionMask = 2147483647;
			files = (
			);
			inputFileListPaths = (
			);
			inputPaths = (
				"${PODS_PODFILE_DIR_PATH}/Podfile.lock",
				"${PODS_ROOT}/Manifest.lock",
			);
			name = "[CP] Check Pods Manifest.lock";
			outputFileListPaths = (
			);
			outputPaths = (
				"$(DERIVED_FILE_DIR)/Pods-BlockOneUITests-checkManifestLockResult.txt",
			);
			runOnlyForDeploymentPostprocessing = 0;
			shellPath = /bin/sh;
			shellScript = "diff \"${PODS_PODFILE_DIR_PATH}/Podfile.lock\" \"${PODS_ROOT}/Manifest.lock\" > /dev/null\nif [ $? != 0 ] ; then\n    # print error to STDERR\n    echo \"error: The sandbox is not in sync with the Podfile.lock. Run 'pod install' or update your CocoaPods installation.\" >&2\n    exit 1\nfi\n# This output is used by Xcode 'outputs' to avoid re-running this script phase.\necho \"SUCCESS\" > \"${SCRIPT_OUTPUT_FILE_0}\"\n";
			showEnvVarsInLog = 0;
		};
		27F4077AF341543AC35252FA /* [CP] Check Pods Manifest.lock */ = {
			isa = PBXShellScriptBuildPhase;
			buildActionMask = 2147483647;
			files = (
			);
			inputFileListPaths = (
			);
			inputPaths = (
				"${PODS_PODFILE_DIR_PATH}/Podfile.lock",
				"${PODS_ROOT}/Manifest.lock",
			);
			name = "[CP] Check Pods Manifest.lock";
			outputFileListPaths = (
			);
			outputPaths = (
				"$(DERIVED_FILE_DIR)/Pods-BlockOneTests-checkManifestLockResult.txt",
			);
			runOnlyForDeploymentPostprocessing = 0;
			shellPath = /bin/sh;
			shellScript = "diff \"${PODS_PODFILE_DIR_PATH}/Podfile.lock\" \"${PODS_ROOT}/Manifest.lock\" > /dev/null\nif [ $? != 0 ] ; then\n    # print error to STDERR\n    echo \"error: The sandbox is not in sync with the Podfile.lock. Run 'pod install' or update your CocoaPods installation.\" >&2\n    exit 1\nfi\n# This output is used by Xcode 'outputs' to avoid re-running this script phase.\necho \"SUCCESS\" > \"${SCRIPT_OUTPUT_FILE_0}\"\n";
			showEnvVarsInLog = 0;
		};
		71F1BEE8783BAEF0E21E0601 /* [CP] Embed Pods Frameworks */ = {
			isa = PBXShellScriptBuildPhase;
			buildActionMask = 2147483647;
			files = (
			);
			inputFileListPaths = (
			);
			inputPaths = (
				"${PODS_ROOT}/Target Support Files/Pods-BlockOne/Pods-BlockOne-frameworks.sh",
				"${BUILT_PRODUCTS_DIR}/BigInt/BigInt.framework",
				"${BUILT_PRODUCTS_DIR}/EosioSwift/EosioSwift.framework",
				"${BUILT_PRODUCTS_DIR}/EosioSwiftAbieosSerializationProvider/EosioSwiftAbieosSerializationProvider.framework",
				"${BUILT_PRODUCTS_DIR}/EosioSwiftEcc/EosioSwiftEcc.framework",
				"${BUILT_PRODUCTS_DIR}/EosioSwiftSoftkeySignatureProvider/EosioSwiftSoftkeySignatureProvider.framework",
				"${PODS_ROOT}/GRKOpenSSLFramework/OpenSSL-iOS/bin/openssl.framework",
				"${BUILT_PRODUCTS_DIR}/PromiseKit/PromiseKit.framework",
				"${BUILT_PRODUCTS_DIR}/SipHash/SipHash.framework",
			);
			name = "[CP] Embed Pods Frameworks";
			outputFileListPaths = (
			);
			outputPaths = (
				"${TARGET_BUILD_DIR}/${FRAMEWORKS_FOLDER_PATH}/BigInt.framework",
				"${TARGET_BUILD_DIR}/${FRAMEWORKS_FOLDER_PATH}/EosioSwift.framework",
				"${TARGET_BUILD_DIR}/${FRAMEWORKS_FOLDER_PATH}/EosioSwiftAbieosSerializationProvider.framework",
				"${TARGET_BUILD_DIR}/${FRAMEWORKS_FOLDER_PATH}/EosioSwiftEcc.framework",
				"${TARGET_BUILD_DIR}/${FRAMEWORKS_FOLDER_PATH}/EosioSwiftSoftkeySignatureProvider.framework",
				"${TARGET_BUILD_DIR}/${FRAMEWORKS_FOLDER_PATH}/openssl.framework",
				"${TARGET_BUILD_DIR}/${FRAMEWORKS_FOLDER_PATH}/PromiseKit.framework",
				"${TARGET_BUILD_DIR}/${FRAMEWORKS_FOLDER_PATH}/SipHash.framework",
			);
			runOnlyForDeploymentPostprocessing = 0;
			shellPath = /bin/sh;
			shellScript = "\"${PODS_ROOT}/Target Support Files/Pods-BlockOne/Pods-BlockOne-frameworks.sh\"\n";
			showEnvVarsInLog = 0;
		};
		C9FBBC1E7772E1F44BD13050 /* [CP] Check Pods Manifest.lock */ = {
			isa = PBXShellScriptBuildPhase;
			buildActionMask = 2147483647;
			files = (
			);
			inputFileListPaths = (
			);
			inputPaths = (
				"${PODS_PODFILE_DIR_PATH}/Podfile.lock",
				"${PODS_ROOT}/Manifest.lock",
			);
			name = "[CP] Check Pods Manifest.lock";
			outputFileListPaths = (
			);
			outputPaths = (
				"$(DERIVED_FILE_DIR)/Pods-BlockOne-checkManifestLockResult.txt",
			);
			runOnlyForDeploymentPostprocessing = 0;
			shellPath = /bin/sh;
			shellScript = "diff \"${PODS_PODFILE_DIR_PATH}/Podfile.lock\" \"${PODS_ROOT}/Manifest.lock\" > /dev/null\nif [ $? != 0 ] ; then\n    # print error to STDERR\n    echo \"error: The sandbox is not in sync with the Podfile.lock. Run 'pod install' or update your CocoaPods installation.\" >&2\n    exit 1\nfi\n# This output is used by Xcode 'outputs' to avoid re-running this script phase.\necho \"SUCCESS\" > \"${SCRIPT_OUTPUT_FILE_0}\"\n";
			showEnvVarsInLog = 0;
		};
/* End PBXShellScriptBuildPhase section */

/* Begin PBXSourcesBuildPhase section */
		69457F2523165F12009C8F27 /* Sources */ = {
			isa = PBXSourcesBuildPhase;
			buildActionMask = 2147483647;
			files = (
				69457F84231673EA009C8F27 /* BlocksListViewController.swift in Sources */,
				69457F6023166015009C8F27 /* BlockProtocol.swift in Sources */,
				69457F8F23167958009C8F27 /* BlockCellViewModel.swift in Sources */,
				69457F8D23167946009C8F27 /* BlockCell.swift in Sources */,
				69457F6923166240009C8F27 /* BlockchainInfo.swift in Sources */,
				69457F6C23166959009C8F27 /* BlocksProvider.swift in Sources */,
				69457F8923167696009C8F27 /* BlocksListViewModel.swift in Sources */,
				69457F8023166FCC009C8F27 /* FetchBlockchainInfoOperation.swift in Sources */,
				69457F6723166219009C8F27 /* Block.swift in Sources */,
				69457F2D23165F12009C8F27 /* AppDelegate.swift in Sources */,
				69457F7E23166F68009C8F27 /* FetchBlockOperation.swift in Sources */,
				69457F5C23165FD1009C8F27 /* APIClientProtocol.swift in Sources */,
				69457F5E2316600C009C8F27 /* BlockchainInfoProtocol.swift in Sources */,
				69457F7523166A40009C8F27 /* BlocksProviderProtocol.swift in Sources */,
				69457F62231660D6009C8F27 /* APIClient.swift in Sources */,
				69457F7C23166E76009C8F27 /* AsynchronousOperation.swift in Sources */,
				69457F8723167401009C8F27 /* BlockDetailViewController.swift in Sources */,
				69457F972316A50E009C8F27 /* JSONRepresentable.swift in Sources */,
				69457F8B231676A2009C8F27 /* BlockDetailViewModel.swift in Sources */,
			);
			runOnlyForDeploymentPostprocessing = 0;
		};
		69457F3923165F14009C8F27 /* Sources */ = {
			isa = PBXSourcesBuildPhase;
			buildActionMask = 2147483647;
			files = (
				69457F9323168337009C8F27 /* BlocksListViewModelTest.swift in Sources */,
				69457F7723166AAE009C8F27 /* BlocksProviderTest.swift in Sources */,
				69457F6423166138009C8F27 /* APIClientTest.swift in Sources */,
				69457F9523169E20009C8F27 /* BlockDetailViewModelTest.swift in Sources */,
				69457F9123167FCF009C8F27 /* BlockCellViewModelTest.swift in Sources */,
				69457F7923166BF1009C8F27 /* MockAPIClient.swift in Sources */,
			);
			runOnlyForDeploymentPostprocessing = 0;
		};
		69457F4423165F14009C8F27 /* Sources */ = {
			isa = PBXSourcesBuildPhase;
			buildActionMask = 2147483647;
			files = (
				69457F4D23165F14009C8F27 /* BlockOneUITests.swift in Sources */,
			);
			runOnlyForDeploymentPostprocessing = 0;
		};
/* End PBXSourcesBuildPhase section */

/* Begin PBXTargetDependency section */
		69457F3F23165F14009C8F27 /* PBXTargetDependency */ = {
			isa = PBXTargetDependency;
			target = 69457F2823165F12009C8F27 /* BlockOne */;
			targetProxy = 69457F3E23165F14009C8F27 /* PBXContainerItemProxy */;
		};
		69457F4A23165F14009C8F27 /* PBXTargetDependency */ = {
			isa = PBXTargetDependency;
			target = 69457F2823165F12009C8F27 /* BlockOne */;
			targetProxy = 69457F4923165F14009C8F27 /* PBXContainerItemProxy */;
		};
/* End PBXTargetDependency section */

/* Begin PBXVariantGroup section */
		69457F3023165F12009C8F27 /* Main.storyboard */ = {
			isa = PBXVariantGroup;
			children = (
				69457F3123165F12009C8F27 /* Base */,
			);
			name = Main.storyboard;
			sourceTree = "<group>";
		};
		69457F3523165F14009C8F27 /* LaunchScreen.storyboard */ = {
			isa = PBXVariantGroup;
			children = (
				69457F3623165F14009C8F27 /* Base */,
			);
			name = LaunchScreen.storyboard;
			sourceTree = "<group>";
		};
/* End PBXVariantGroup section */

/* Begin XCBuildConfiguration section */
		69457F4F23165F14009C8F27 /* Debug */ = {
			isa = XCBuildConfiguration;
			buildSettings = {
				ALWAYS_SEARCH_USER_PATHS = NO;
				CLANG_ANALYZER_NONNULL = YES;
				CLANG_ANALYZER_NUMBER_OBJECT_CONVERSION = YES_AGGRESSIVE;
				CLANG_CXX_LANGUAGE_STANDARD = "gnu++14";
				CLANG_CXX_LIBRARY = "libc++";
				CLANG_ENABLE_MODULES = YES;
				CLANG_ENABLE_OBJC_ARC = YES;
				CLANG_ENABLE_OBJC_WEAK = YES;
				CLANG_WARN_BLOCK_CAPTURE_AUTORELEASING = YES;
				CLANG_WARN_BOOL_CONVERSION = YES;
				CLANG_WARN_COMMA = YES;
				CLANG_WARN_CONSTANT_CONVERSION = YES;
				CLANG_WARN_DEPRECATED_OBJC_IMPLEMENTATIONS = YES;
				CLANG_WARN_DIRECT_OBJC_ISA_USAGE = YES_ERROR;
				CLANG_WARN_DOCUMENTATION_COMMENTS = YES;
				CLANG_WARN_EMPTY_BODY = YES;
				CLANG_WARN_ENUM_CONVERSION = YES;
				CLANG_WARN_INFINITE_RECURSION = YES;
				CLANG_WARN_INT_CONVERSION = YES;
				CLANG_WARN_NON_LITERAL_NULL_CONVERSION = YES;
				CLANG_WARN_OBJC_IMPLICIT_RETAIN_SELF = YES;
				CLANG_WARN_OBJC_LITERAL_CONVERSION = YES;
				CLANG_WARN_OBJC_ROOT_CLASS = YES_ERROR;
				CLANG_WARN_RANGE_LOOP_ANALYSIS = YES;
				CLANG_WARN_STRICT_PROTOTYPES = YES;
				CLANG_WARN_SUSPICIOUS_MOVE = YES;
				CLANG_WARN_UNGUARDED_AVAILABILITY = YES_AGGRESSIVE;
				CLANG_WARN_UNREACHABLE_CODE = YES;
				CLANG_WARN__DUPLICATE_METHOD_MATCH = YES;
				CODE_SIGN_IDENTITY = "iPhone Developer";
				COPY_PHASE_STRIP = NO;
				DEBUG_INFORMATION_FORMAT = dwarf;
				ENABLE_STRICT_OBJC_MSGSEND = YES;
				ENABLE_TESTABILITY = YES;
				GCC_C_LANGUAGE_STANDARD = gnu11;
				GCC_DYNAMIC_NO_PIC = NO;
				GCC_NO_COMMON_BLOCKS = YES;
				GCC_OPTIMIZATION_LEVEL = 0;
				GCC_PREPROCESSOR_DEFINITIONS = (
					"DEBUG=1",
					"$(inherited)",
				);
				GCC_WARN_64_TO_32_BIT_CONVERSION = YES;
				GCC_WARN_ABOUT_RETURN_TYPE = YES_ERROR;
				GCC_WARN_UNDECLARED_SELECTOR = YES;
				GCC_WARN_UNINITIALIZED_AUTOS = YES_AGGRESSIVE;
				GCC_WARN_UNUSED_FUNCTION = YES;
				GCC_WARN_UNUSED_VARIABLE = YES;
				IPHONEOS_DEPLOYMENT_TARGET = 12.4;
				MTL_ENABLE_DEBUG_INFO = INCLUDE_SOURCE;
				MTL_FAST_MATH = YES;
				ONLY_ACTIVE_ARCH = YES;
				SDKROOT = iphoneos;
				SWIFT_ACTIVE_COMPILATION_CONDITIONS = DEBUG;
				SWIFT_OPTIMIZATION_LEVEL = "-Onone";
			};
			name = Debug;
		};
		69457F5023165F14009C8F27 /* Release */ = {
			isa = XCBuildConfiguration;
			buildSettings = {
				ALWAYS_SEARCH_USER_PATHS = NO;
				CLANG_ANALYZER_NONNULL = YES;
				CLANG_ANALYZER_NUMBER_OBJECT_CONVERSION = YES_AGGRESSIVE;
				CLANG_CXX_LANGUAGE_STANDARD = "gnu++14";
				CLANG_CXX_LIBRARY = "libc++";
				CLANG_ENABLE_MODULES = YES;
				CLANG_ENABLE_OBJC_ARC = YES;
				CLANG_ENABLE_OBJC_WEAK = YES;
				CLANG_WARN_BLOCK_CAPTURE_AUTORELEASING = YES;
				CLANG_WARN_BOOL_CONVERSION = YES;
				CLANG_WARN_COMMA = YES;
				CLANG_WARN_CONSTANT_CONVERSION = YES;
				CLANG_WARN_DEPRECATED_OBJC_IMPLEMENTATIONS = YES;
				CLANG_WARN_DIRECT_OBJC_ISA_USAGE = YES_ERROR;
				CLANG_WARN_DOCUMENTATION_COMMENTS = YES;
				CLANG_WARN_EMPTY_BODY = YES;
				CLANG_WARN_ENUM_CONVERSION = YES;
				CLANG_WARN_INFINITE_RECURSION = YES;
				CLANG_WARN_INT_CONVERSION = YES;
				CLANG_WARN_NON_LITERAL_NULL_CONVERSION = YES;
				CLANG_WARN_OBJC_IMPLICIT_RETAIN_SELF = YES;
				CLANG_WARN_OBJC_LITERAL_CONVERSION = YES;
				CLANG_WARN_OBJC_ROOT_CLASS = YES_ERROR;
				CLANG_WARN_RANGE_LOOP_ANALYSIS = YES;
				CLANG_WARN_STRICT_PROTOTYPES = YES;
				CLANG_WARN_SUSPICIOUS_MOVE = YES;
				CLANG_WARN_UNGUARDED_AVAILABILITY = YES_AGGRESSIVE;
				CLANG_WARN_UNREACHABLE_CODE = YES;
				CLANG_WARN__DUPLICATE_METHOD_MATCH = YES;
				CODE_SIGN_IDENTITY = "iPhone Developer";
				COPY_PHASE_STRIP = NO;
				DEBUG_INFORMATION_FORMAT = "dwarf-with-dsym";
				ENABLE_NS_ASSERTIONS = NO;
				ENABLE_STRICT_OBJC_MSGSEND = YES;
				GCC_C_LANGUAGE_STANDARD = gnu11;
				GCC_NO_COMMON_BLOCKS = YES;
				GCC_WARN_64_TO_32_BIT_CONVERSION = YES;
				GCC_WARN_ABOUT_RETURN_TYPE = YES_ERROR;
				GCC_WARN_UNDECLARED_SELECTOR = YES;
				GCC_WARN_UNINITIALIZED_AUTOS = YES_AGGRESSIVE;
				GCC_WARN_UNUSED_FUNCTION = YES;
				GCC_WARN_UNUSED_VARIABLE = YES;
				IPHONEOS_DEPLOYMENT_TARGET = 12.4;
				MTL_ENABLE_DEBUG_INFO = NO;
				MTL_FAST_MATH = YES;
				SDKROOT = iphoneos;
				SWIFT_COMPILATION_MODE = wholemodule;
				SWIFT_OPTIMIZATION_LEVEL = "-O";
				VALIDATE_PRODUCT = YES;
			};
			name = Release;
		};
		69457F5223165F14009C8F27 /* Debug */ = {
			isa = XCBuildConfiguration;
			baseConfigurationReference = 9010E7E038318EC91F95F027 /* Pods-BlockOne.debug.xcconfig */;
			buildSettings = {
				ASSETCATALOG_COMPILER_APPICON_NAME = AppIcon;
				CODE_SIGN_STYLE = Automatic;
				INFOPLIST_FILE = BlockOne/Info.plist;
				LD_RUNPATH_SEARCH_PATHS = (
					"$(inherited)",
					"@executable_path/Frameworks",
				);
				PRODUCT_BUNDLE_IDENTIFIER = com.paulkim.BlockOne;
				PRODUCT_NAME = "$(TARGET_NAME)";
				SWIFT_VERSION = 5.0;
				TARGETED_DEVICE_FAMILY = "1,2";
			};
			name = Debug;
		};
		69457F5323165F14009C8F27 /* Release */ = {
			isa = XCBuildConfiguration;
			baseConfigurationReference = 55AF0317AA9354E86A2CFD54 /* Pods-BlockOne.release.xcconfig */;
			buildSettings = {
				ASSETCATALOG_COMPILER_APPICON_NAME = AppIcon;
				CODE_SIGN_STYLE = Automatic;
				INFOPLIST_FILE = BlockOne/Info.plist;
				LD_RUNPATH_SEARCH_PATHS = (
					"$(inherited)",
					"@executable_path/Frameworks",
				);
				PRODUCT_BUNDLE_IDENTIFIER = com.paulkim.BlockOne;
				PRODUCT_NAME = "$(TARGET_NAME)";
				SWIFT_VERSION = 5.0;
				TARGETED_DEVICE_FAMILY = "1,2";
			};
			name = Release;
		};
		69457F5523165F14009C8F27 /* Debug */ = {
			isa = XCBuildConfiguration;
			baseConfigurationReference = CE8F3268C2D74C430380A40E /* Pods-BlockOneTests.debug.xcconfig */;
			buildSettings = {
				ALWAYS_EMBED_SWIFT_STANDARD_LIBRARIES = YES;
				BUNDLE_LOADER = "$(TEST_HOST)";
				CODE_SIGN_STYLE = Automatic;
				INFOPLIST_FILE = BlockOneTests/Info.plist;
				LD_RUNPATH_SEARCH_PATHS = (
					"$(inherited)",
					"@executable_path/Frameworks",
					"@loader_path/Frameworks",
				);
				PRODUCT_BUNDLE_IDENTIFIER = com.paulkim.BlockOneTests;
				PRODUCT_NAME = "$(TARGET_NAME)";
				SWIFT_VERSION = 5.0;
				TARGETED_DEVICE_FAMILY = "1,2";
				TEST_HOST = "$(BUILT_PRODUCTS_DIR)/BlockOne.app/BlockOne";
			};
			name = Debug;
		};
		69457F5623165F14009C8F27 /* Release */ = {
			isa = XCBuildConfiguration;
			baseConfigurationReference = 4F7BCDC2CCB550CA2258EF6E /* Pods-BlockOneTests.release.xcconfig */;
			buildSettings = {
				ALWAYS_EMBED_SWIFT_STANDARD_LIBRARIES = YES;
				BUNDLE_LOADER = "$(TEST_HOST)";
				CODE_SIGN_STYLE = Automatic;
				INFOPLIST_FILE = BlockOneTests/Info.plist;
				LD_RUNPATH_SEARCH_PATHS = (
					"$(inherited)",
					"@executable_path/Frameworks",
					"@loader_path/Frameworks",
				);
				PRODUCT_BUNDLE_IDENTIFIER = com.paulkim.BlockOneTests;
				PRODUCT_NAME = "$(TARGET_NAME)";
				SWIFT_VERSION = 5.0;
				TARGETED_DEVICE_FAMILY = "1,2";
				TEST_HOST = "$(BUILT_PRODUCTS_DIR)/BlockOne.app/BlockOne";
			};
			name = Release;
		};
		69457F5823165F14009C8F27 /* Debug */ = {
			isa = XCBuildConfiguration;
			baseConfigurationReference = BDFEFCEDFC5E689F08A8861D /* Pods-BlockOneUITests.debug.xcconfig */;
			buildSettings = {
				ALWAYS_EMBED_SWIFT_STANDARD_LIBRARIES = YES;
				CODE_SIGN_STYLE = Automatic;
				INFOPLIST_FILE = BlockOneUITests/Info.plist;
				LD_RUNPATH_SEARCH_PATHS = (
					"$(inherited)",
					"@executable_path/Frameworks",
					"@loader_path/Frameworks",
				);
				PRODUCT_BUNDLE_IDENTIFIER = com.paulkim.BlockOneUITests;
				PRODUCT_NAME = "$(TARGET_NAME)";
				SWIFT_VERSION = 5.0;
				TARGETED_DEVICE_FAMILY = "1,2";
				TEST_TARGET_NAME = BlockOne;
			};
			name = Debug;
		};
		69457F5923165F14009C8F27 /* Release */ = {
			isa = XCBuildConfiguration;
			baseConfigurationReference = 5DB0BDD7A8F88871F9B62172 /* Pods-BlockOneUITests.release.xcconfig */;
			buildSettings = {
				ALWAYS_EMBED_SWIFT_STANDARD_LIBRARIES = YES;
				CODE_SIGN_STYLE = Automatic;
				INFOPLIST_FILE = BlockOneUITests/Info.plist;
				LD_RUNPATH_SEARCH_PATHS = (
					"$(inherited)",
					"@executable_path/Frameworks",
					"@loader_path/Frameworks",
				);
				PRODUCT_BUNDLE_IDENTIFIER = com.paulkim.BlockOneUITests;
				PRODUCT_NAME = "$(TARGET_NAME)";
				SWIFT_VERSION = 5.0;
				TARGETED_DEVICE_FAMILY = "1,2";
				TEST_TARGET_NAME = BlockOne;
			};
			name = Release;
		};
/* End XCBuildConfiguration section */

/* Begin XCConfigurationList section */
		69457F2423165F12009C8F27 /* Build configuration list for PBXProject "BlockOne" */ = {
			isa = XCConfigurationList;
			buildConfigurations = (
				69457F4F23165F14009C8F27 /* Debug */,
				69457F5023165F14009C8F27 /* Release */,
			);
			defaultConfigurationIsVisible = 0;
			defaultConfigurationName = Release;
		};
		69457F5123165F14009C8F27 /* Build configuration list for PBXNativeTarget "BlockOne" */ = {
			isa = XCConfigurationList;
			buildConfigurations = (
				69457F5223165F14009C8F27 /* Debug */,
				69457F5323165F14009C8F27 /* Release */,
			);
			defaultConfigurationIsVisible = 0;
			defaultConfigurationName = Release;
		};
		69457F5423165F14009C8F27 /* Build configuration list for PBXNativeTarget "BlockOneTests" */ = {
			isa = XCConfigurationList;
			buildConfigurations = (
				69457F5523165F14009C8F27 /* Debug */,
				69457F5623165F14009C8F27 /* Release */,
			);
			defaultConfigurationIsVisible = 0;
			defaultConfigurationName = Release;
		};
		69457F5723165F14009C8F27 /* Build configuration list for PBXNativeTarget "BlockOneUITests" */ = {
			isa = XCConfigurationList;
			buildConfigurations = (
				69457F5823165F14009C8F27 /* Debug */,
				69457F5923165F14009C8F27 /* Release */,
			);
			defaultConfigurationIsVisible = 0;
			defaultConfigurationName = Release;
		};
/* End XCConfigurationList section */
	};
	rootObject = 69457F2123165F12009C8F27 /* Project object */;
}
